
Microsoft Visual Studio Solution File, Format Version 12.00
# Visual Studio Version 16
VisualStudioVersion = 16.0.30011.22
MinimumVisualStudioVersion = 10.0.40219.1
Project("{FAE04EC0-301F-11D3-BF4B-00C04F79EFBC}") = "MicroondasDigitalWeb", "MicroondasDigitalWeb\MicroondasDigitalWeb.csproj", "{2C749525-9289-4809-B11E-3148EC32E187}"
EndProject
Project("{FAE04EC0-301F-11D3-BF4B-00C04F79EFBC}") = "MicroondasDigitalWeb.Tests", "MicroondasDigitalWeb.Tests\MicroondasDigitalWeb.Tests.csproj", "{21D69478-769C-48EB-8999-A701C549FCFE}"
EndProject
Global
	GlobalSection(SolutionConfigurationPlatforms) = preSolution
		Debug|Any CPU = Debug|Any CPU
		Release|Any CPU = Release|Any CPU
	EndGlobalSection
	GlobalSection(ProjectConfigurationPlatforms) = postSolution
		{2C749525-9289-4809-B11E-3148EC32E187}.Debug|Any CPU.ActiveCfg = Debug|Any CPU
		{2C749525-9289-4809-B11E-3148EC32E187}.Debug|Any CPU.Build.0 = Debug|Any CPU
		{2C749525-9289-4809-B11E-3148EC32E187}.Release|Any CPU.ActiveCfg = Release|Any CPU
		{2C749525-9289-4809-B11E-3148EC32E187}.Release|Any CPU.Build.0 = Release|Any CPU
		{21D69478-769C-48EB-8999-A701C549FCFE}.Debug|Any CPU.ActiveCfg = Debug|Any CPU
		{21D69478-769C-48EB-8999-A701C549FCFE}.Debug|Any CPU.Build.0 = Debug|Any CPU
		{21D69478-769C-48EB-8999-A701C549FCFE}.Release|Any CPU.ActiveCfg = Release|Any CPU
		{21D69478-769C-48EB-8999-A701C549FCFE}.Release|Any CPU.Build.0 = Release|Any CPU
	EndGlobalSection
	GlobalSection(SolutionProperties) = preSolution
		HideSolutionNode = FALSE
	EndGlobalSection
	GlobalSection(ExtensibilityGlobals) = postSolution
		SolutionGuid = {20BD007F-835D-4B2A-8AED-AD8E2F07CDF7}
	EndGlobalSection
EndGlobal
